// !$*UTF8*$!
{
	archiveVersion = 1;
	classes = {
	};
	objectVersion = 56;
	objects = {

/* Begin PBXBuildFile section */
		00FF334F2B3CDE4800AFE95A /* DrypotGPXApp.swift in Sources */ = {isa = PBXBuildFile; fileRef = 00FF334E2B3CDE4800AFE95A /* DrypotGPXApp.swift */; };
		00FF33512B3CDE4800AFE95A /* DrypotGPXDocument.swift in Sources */ = {isa = PBXBuildFile; fileRef = 00FF33502B3CDE4800AFE95A /* DrypotGPXDocument.swift */; };
		00FF33532B3CDE4800AFE95A /* ContentView.swift in Sources */ = {isa = PBXBuildFile; fileRef = 00FF33522B3CDE4800AFE95A /* ContentView.swift */; };
		00FF33552B3CDE4A00AFE95A /* Assets.xcassets in Resources */ = {isa = PBXBuildFile; fileRef = 00FF33542B3CDE4A00AFE95A /* Assets.xcassets */; };
		00FF33582B3CDE4A00AFE95A /* Preview Assets.xcassets in Resources */ = {isa = PBXBuildFile; fileRef = 00FF33572B3CDE4A00AFE95A /* Preview Assets.xcassets */; };
		00FF33642B3CDE4A00AFE95A /* DrypotGPXTests.swift in Sources */ = {isa = PBXBuildFile; fileRef = 00FF33632B3CDE4A00AFE95A /* DrypotGPXTests.swift */; };
		00FF336E2B3CDE4A00AFE95A /* DrypotGPXUITests.swift in Sources */ = {isa = PBXBuildFile; fileRef = 00FF336D2B3CDE4A00AFE95A /* DrypotGPXUITests.swift */; };
		00FF33702B3CDE4A00AFE95A /* DrypotGPXUITestsLaunchTests.swift in Sources */ = {isa = PBXBuildFile; fileRef = 00FF336F2B3CDE4A00AFE95A /* DrypotGPXUITestsLaunchTests.swift */; };
/* End PBXBuildFile section */

/* Begin PBXContainerItemProxy section */
		00FF33602B3CDE4A00AFE95A /* PBXContainerItemProxy */ = {
			isa = PBXContainerItemProxy;
			containerPortal = 00FF33432B3CDE4800AFE95A /* Project object */;
			proxyType = 1;
			remoteGlobalIDString = 00FF334A2B3CDE4800AFE95A;
			remoteInfo = DrypotGPX;
		};
		00FF336A2B3CDE4A00AFE95A /* PBXContainerItemProxy */ = {
			isa = PBXContainerItemProxy;
			containerPortal = 00FF33432B3CDE4800AFE95A /* Project object */;
			proxyType = 1;
			remoteGlobalIDString = 00FF334A2B3CDE4800AFE95A;
			remoteInfo = DrypotGPX;
		};
/* End PBXContainerItemProxy section */

/* Begin PBXFileReference section */
		00FF334B2B3CDE4800AFE95A /* DrypotGPX.app */ = {isa = PBXFileReference; explicitFileType = wrapper.application; includeInIndex = 0; path = DrypotGPX.app; sourceTree = BUILT_PRODUCTS_DIR; };
		00FF334E2B3CDE4800AFE95A /* DrypotGPXApp.swift */ = {isa = PBXFileReference; lastKnownFileType = sourcecode.swift; path = DrypotGPXApp.swift; sourceTree = "<group>"; };
		00FF33502B3CDE4800AFE95A /* DrypotGPXDocument.swift */ = {isa = PBXFileReference; lastKnownFileType = sourcecode.swift; path = DrypotGPXDocument.swift; sourceTree = "<group>"; };
		00FF33522B3CDE4800AFE95A /* ContentView.swift */ = {isa = PBXFileReference; lastKnownFileType = sourcecode.swift; path = ContentView.swift; sourceTree = "<group>"; };
		00FF33542B3CDE4A00AFE95A /* Assets.xcassets */ = {isa = PBXFileReference; lastKnownFileType = folder.assetcatalog; path = Assets.xcassets; sourceTree = "<group>"; };
		00FF33572B3CDE4A00AFE95A /* Preview Assets.xcassets */ = {isa = PBXFileReference; lastKnownFileType = folder.assetcatalog; path = "Preview Assets.xcassets"; sourceTree = "<group>"; };
		00FF33592B3CDE4A00AFE95A /* Info.plist */ = {isa = PBXFileReference; lastKnownFileType = text.plist.xml; path = Info.plist; sourceTree = "<group>"; };
		00FF335A2B3CDE4A00AFE95A /* DrypotGPX.entitlements */ = {isa = PBXFileReference; lastKnownFileType = text.plist.entitlements; path = DrypotGPX.entitlements; sourceTree = "<group>"; };
		00FF335F2B3CDE4A00AFE95A /* DrypotGPXTests.xctest */ = {isa = PBXFileReference; explicitFileType = wrapper.cfbundle; includeInIndex = 0; path = DrypotGPXTests.xctest; sourceTree = BUILT_PRODUCTS_DIR; };
		00FF33632B3CDE4A00AFE95A /* DrypotGPXTests.swift */ = {isa = PBXFileReference; lastKnownFileType = sourcecode.swift; path = DrypotGPXTests.swift; sourceTree = "<group>"; };
		00FF33692B3CDE4A00AFE95A /* DrypotGPXUITests.xctest */ = {isa = PBXFileReference; explicitFileType = wrapper.cfbundle; includeInIndex = 0; path = DrypotGPXUITests.xctest; sourceTree = BUILT_PRODUCTS_DIR; };
		00FF336D2B3CDE4A00AFE95A /* DrypotGPXUITests.swift */ = {isa = PBXFileReference; lastKnownFileType = sourcecode.swift; path = DrypotGPXUITests.swift; sourceTree = "<group>"; };
		00FF336F2B3CDE4A00AFE95A /* DrypotGPXUITestsLaunchTests.swift */ = {isa = PBXFileReference; lastKnownFileType = sourcecode.swift; path = DrypotGPXUITestsLaunchTests.swift; sourceTree = "<group>"; };
/* End PBXFileReference section */

/* Begin PBXFrameworksBuildPhase section */
		00FF33482B3CDE4800AFE95A /* Frameworks */ = {
			isa = PBXFrameworksBuildPhase;
			buildActionMask = 2147483647;
			files = (
			);
			runOnlyForDeploymentPostprocessing = 0;
		};
		00FF335C2B3CDE4A00AFE95A /* Frameworks */ = {
			isa = PBXFrameworksBuildPhase;
			buildActionMask = 2147483647;
			files = (
			);
			runOnlyForDeploymentPostprocessing = 0;
		};
		00FF33662B3CDE4A00AFE95A /* Frameworks */ = {
			isa = PBXFrameworksBuildPhase;
			buildActionMask = 2147483647;
			files = (
			);
			runOnlyForDeploymentPostprocessing = 0;
		};
/* End PBXFrameworksBuildPhase section */

/* Begin PBXGroup section */
		00FF33422B3CDE4800AFE95A = {
			isa = PBXGroup;
			children = (
				00FF334D2B3CDE4800AFE95A /* DrypotGPX */,
				00FF33622B3CDE4A00AFE95A /* DrypotGPXTests */,
				00FF336C2B3CDE4A00AFE95A /* DrypotGPXUITests */,
				00FF334C2B3CDE4800AFE95A /* Products */,
			);
			sourceTree = "<group>";
		};
		00FF334C2B3CDE4800AFE95A /* Products */ = {
			isa = PBXGroup;
			children = (
				00FF334B2B3CDE4800AFE95A /* DrypotGPX.app */,
				00FF335F2B3CDE4A00AFE95A /* DrypotGPXTests.xctest */,
				00FF33692B3CDE4A00AFE95A /* DrypotGPXUITests.xctest */,
			);
			name = Products;
			sourceTree = "<group>";
		};
		00FF334D2B3CDE4800AFE95A /* DrypotGPX */ = {
			isa = PBXGroup;
			children = (
				00FF334E2B3CDE4800AFE95A /* DrypotGPXApp.swift */,
				00FF33502B3CDE4800AFE95A /* DrypotGPXDocument.swift */,
				00FF33522B3CDE4800AFE95A /* ContentView.swift */,
				00FF33542B3CDE4A00AFE95A /* Assets.xcassets */,
				00FF33592B3CDE4A00AFE95A /* Info.plist */,
				00FF335A2B3CDE4A00AFE95A /* DrypotGPX.entitlements */,
				00FF33562B3CDE4A00AFE95A /* Preview Content */,
			);
			path = DrypotGPX;
			sourceTree = "<group>";
		};
		00FF33562B3CDE4A00AFE95A /* Preview Content */ = {
			isa = PBXGroup;
			children = (
				00FF33572B3CDE4A00AFE95A /* Preview Assets.xcassets */,
			);
			path = "Preview Content";
			sourceTree = "<group>";
		};
		00FF33622B3CDE4A00AFE95A /* DrypotGPXTests */ = {
			isa = PBXGroup;
			children = (
				00FF33632B3CDE4A00AFE95A /* DrypotGPXTests.swift */,
			);
			path = DrypotGPXTests;
			sourceTree = "<group>";
		};
		00FF336C2B3CDE4A00AFE95A /* DrypotGPXUITests */ = {
			isa = PBXGroup;
			children = (
				00FF336D2B3CDE4A00AFE95A /* DrypotGPXUITests.swift */,
				00FF336F2B3CDE4A00AFE95A /* DrypotGPXUITestsLaunchTests.swift */,
			);
			path = DrypotGPXUITests;
			sourceTree = "<group>";
		};
/* End PBXGroup section */

/* Begin PBXNativeTarget section */
		00FF334A2B3CDE4800AFE95A /* DrypotGPX */ = {
			isa = PBXNativeTarget;
			buildConfigurationList = 00FF33732B3CDE4A00AFE95A /* Build configuration list for PBXNativeTarget "DrypotGPX" */;
			buildPhases = (
				00FF33472B3CDE4800AFE95A /* Sources */,
				00FF33482B3CDE4800AFE95A /* Frameworks */,
				00FF33492B3CDE4800AFE95A /* Resources */,
			);
			buildRules = (
			);
			dependencies = (
			);
			name = DrypotGPX;
			productName = DrypotGPX;
			productReference = 00FF334B2B3CDE4800AFE95A /* DrypotGPX.app */;
			productType = "com.apple.product-type.application";
		};
		00FF335E2B3CDE4A00AFE95A /* DrypotGPXTests */ = {
			isa = PBXNativeTarget;
			buildConfigurationList = 00FF33762B3CDE4A00AFE95A /* Build configuration list for PBXNativeTarget "DrypotGPXTests" */;
			buildPhases = (
				00FF335B2B3CDE4A00AFE95A /* Sources */,
				00FF335C2B3CDE4A00AFE95A /* Frameworks */,
				00FF335D2B3CDE4A00AFE95A /* Resources */,
			);
			buildRules = (
			);
			dependencies = (
				00FF33612B3CDE4A00AFE95A /* PBXTargetDependency */,
			);
			name = DrypotGPXTests;
			productName = DrypotGPXTests;
			productReference = 00FF335F2B3CDE4A00AFE95A /* DrypotGPXTests.xctest */;
			productType = "com.apple.product-type.bundle.unit-test";
		};
		00FF33682B3CDE4A00AFE95A /* DrypotGPXUITests */ = {
			isa = PBXNativeTarget;
			buildConfigurationList = 00FF33792B3CDE4A00AFE95A /* Build configuration list for PBXNativeTarget "DrypotGPXUITests" */;
			buildPhases = (
				00FF33652B3CDE4A00AFE95A /* Sources */,
				00FF33662B3CDE4A00AFE95A /* Frameworks */,
				00FF33672B3CDE4A00AFE95A /* Resources */,
			);
			buildRules = (
			);
			dependencies = (
				00FF336B2B3CDE4A00AFE95A /* PBXTargetDependency */,
			);
			name = DrypotGPXUITests;
			productName = DrypotGPXUITests;
			productReference = 00FF33692B3CDE4A00AFE95A /* DrypotGPXUITests.xctest */;
			productType = "com.apple.product-type.bundle.ui-testing";
		};
/* End PBXNativeTarget section */

/* Begin PBXProject section */
		00FF33432B3CDE4800AFE95A /* Project object */ = {
			isa = PBXProject;
			attributes = {
				BuildIndependentTargetsInParallel = 1;
				LastSwiftUpdateCheck = 1510;
				LastUpgradeCheck = 1510;
				TargetAttributes = {
					00FF334A2B3CDE4800AFE95A = {
						CreatedOnToolsVersion = 15.1;
					};
					00FF335E2B3CDE4A00AFE95A = {
						CreatedOnToolsVersion = 15.1;
						TestTargetID = 00FF334A2B3CDE4800AFE95A;
					};
					00FF33682B3CDE4A00AFE95A = {
						CreatedOnToolsVersion = 15.1;
						TestTargetID = 00FF334A2B3CDE4800AFE95A;
					};
				};
			};
			buildConfigurationList = 00FF33462B3CDE4800AFE95A /* Build configuration list for PBXProject "DrypotGPX" */;
			compatibilityVersion = "Xcode 14.0";
			developmentRegion = en;
			hasScannedForEncodings = 0;
			knownRegions = (
				en,
				Base,
			);
			mainGroup = 00FF33422B3CDE4800AFE95A;
			productRefGroup = 00FF334C2B3CDE4800AFE95A /* Products */;
			projectDirPath = "";
			projectRoot = "";
			targets = (
				00FF334A2B3CDE4800AFE95A /* DrypotGPX */,
				00FF335E2B3CDE4A00AFE95A /* DrypotGPXTests */,
				00FF33682B3CDE4A00AFE95A /* DrypotGPXUITests */,
			);
		};
/* End PBXProject section */

/* Begin PBXResourcesBuildPhase section */
		00FF33492B3CDE4800AFE95A /* Resources */ = {
			isa = PBXResourcesBuildPhase;
			buildActionMask = 2147483647;
			files = (
				00FF33582B3CDE4A00AFE95A /* Preview Assets.xcassets in Resources */,
				00FF33552B3CDE4A00AFE95A /* Assets.xcassets in Resources */,
			);
			runOnlyForDeploymentPostprocessing = 0;
		};
		00FF335D2B3CDE4A00AFE95A /* Resources */ = {
			isa = PBXResourcesBuildPhase;
			buildActionMask = 2147483647;
			files = (
			);
			runOnlyForDeploymentPostprocessing = 0;
		};
		00FF33672B3CDE4A00AFE95A /* Resources */ = {
			isa = PBXResourcesBuildPhase;
			buildActionMask = 2147483647;
			files = (
			);
			runOnlyForDeploymentPostprocessing = 0;
		};
/* End PBXResourcesBuildPhase section */

/* Begin PBXSourcesBuildPhase section */
		00FF33472B3CDE4800AFE95A /* Sources */ = {
			isa = PBXSourcesBuildPhase;
			buildActionMask = 2147483647;
			files = (
				00FF33512B3CDE4800AFE95A /* DrypotGPXDocument.swift in Sources */,
				00FF334F2B3CDE4800AFE95A /* DrypotGPXApp.swift in Sources */,
				00FF33532B3CDE4800AFE95A /* ContentView.swift in Sources */,
			);
			runOnlyForDeploymentPostprocessing = 0;
		};
		00FF335B2B3CDE4A00AFE95A /* Sources */ = {
			isa = PBXSourcesBuildPhase;
			buildActionMask = 2147483647;
			files = (
				00FF33642B3CDE4A00AFE95A /* DrypotGPXTests.swift in Sources */,
			);
			runOnlyForDeploymentPostprocessing = 0;
		};
		00FF33652B3CDE4A00AFE95A /* Sources */ = {
			isa = PBXSourcesBuildPhase;
			buildActionMask = 2147483647;
			files = (
				00FF33702B3CDE4A00AFE95A /* DrypotGPXUITestsLaunchTests.swift in Sources */,
				00FF336E2B3CDE4A00AFE95A /* DrypotGPXUITests.swift in Sources */,
			);
			runOnlyForDeploymentPostprocessing = 0;
		};
/* End PBXSourcesBuildPhase section */

/* Begin PBXTargetDependency section */
		00FF33612B3CDE4A00AFE95A /* PBXTargetDependency */ = {
			isa = PBXTargetDependency;
			target = 00FF334A2B3CDE4800AFE95A /* DrypotGPX */;
			targetProxy = 00FF33602B3CDE4A00AFE95A /* PBXContainerItemProxy */;
		};
		00FF336B2B3CDE4A00AFE95A /* PBXTargetDependency */ = {
			isa = PBXTargetDependency;
			target = 00FF334A2B3CDE4800AFE95A /* DrypotGPX */;
			targetProxy = 00FF336A2B3CDE4A00AFE95A /* PBXContainerItemProxy */;
		};
/* End PBXTargetDependency section */

/* Begin XCBuildConfiguration section */
		00FF33712B3CDE4A00AFE95A /* Debug */ = {
			isa = XCBuildConfiguration;
			buildSettings = {
				ALWAYS_SEARCH_USER_PATHS = NO;
				ASSETCATALOG_COMPILER_GENERATE_SWIFT_ASSET_SYMBOL_EXTENSIONS = YES;
				CLANG_ANALYZER_NONNULL = YES;
				CLANG_ANALYZER_NUMBER_OBJECT_CONVERSION = YES_AGGRESSIVE;
				CLANG_CXX_LANGUAGE_STANDARD = "gnu++20";
				CLANG_ENABLE_MODULES = YES;
				CLANG_ENABLE_OBJC_ARC = YES;
				CLANG_ENABLE_OBJC_WEAK = YES;
				CLANG_WARN_BLOCK_CAPTURE_AUTORELEASING = YES;
				CLANG_WARN_BOOL_CONVERSION = YES;
				CLANG_WARN_COMMA = YES;
				CLANG_WARN_CONSTANT_CONVERSION = YES;
				CLANG_WARN_DEPRECATED_OBJC_IMPLEMENTATIONS = YES;
				CLANG_WARN_DIRECT_OBJC_ISA_USAGE = YES_ERROR;
				CLANG_WARN_DOCUMENTATION_COMMENTS = YES;
				CLANG_WARN_EMPTY_BODY = YES;
				CLANG_WARN_ENUM_CONVERSION = YES;
				CLANG_WARN_INFINITE_RECURSION = YES;
				CLANG_WARN_INT_CONVERSION = YES;
				CLANG_WARN_NON_LITERAL_NULL_CONVERSION = YES;
				CLANG_WARN_OBJC_IMPLICIT_RETAIN_SELF = YES;
				CLANG_WARN_OBJC_LITERAL_CONVERSION = YES;
				CLANG_WARN_OBJC_ROOT_CLASS = YES_ERROR;
				CLANG_WARN_QUOTED_INCLUDE_IN_FRAMEWORK_HEADER = YES;
				CLANG_WARN_RANGE_LOOP_ANALYSIS = YES;
				CLANG_WARN_STRICT_PROTOTYPES = YES;
				CLANG_WARN_SUSPICIOUS_MOVE = YES;
				CLANG_WARN_UNGUARDED_AVAILABILITY = YES_AGGRESSIVE;
				CLANG_WARN_UNREACHABLE_CODE = YES;
				CLANG_WARN__DUPLICATE_METHOD_MATCH = YES;
				COPY_PHASE_STRIP = NO;
				DEBUG_INFORMATION_FORMAT = dwarf;
				ENABLE_STRICT_OBJC_MSGSEND = YES;
				ENABLE_TESTABILITY = YES;
				ENABLE_USER_SCRIPT_SANDBOXING = YES;
				GCC_C_LANGUAGE_STANDARD = gnu17;
				GCC_DYNAMIC_NO_PIC = NO;
				GCC_NO_COMMON_BLOCKS = YES;
				GCC_OPTIMIZATION_LEVEL = 0;
				GCC_PREPROCESSOR_DEFINITIONS = (
					"DEBUG=1",
					"$(inherited)",
				);
				GCC_WARN_64_TO_32_BIT_CONVERSION = YES;
				GCC_WARN_ABOUT_RETURN_TYPE = YES_ERROR;
				GCC_WARN_UNDECLARED_SELECTOR = YES;
				GCC_WARN_UNINITIALIZED_AUTOS = YES_AGGRESSIVE;
				GCC_WARN_UNUSED_FUNCTION = YES;
				GCC_WARN_UNUSED_VARIABLE = YES;
				LOCALIZATION_PREFERS_STRING_CATALOGS = YES;
				MACOSX_DEPLOYMENT_TARGET = 13.6;
				MTL_ENABLE_DEBUG_INFO = INCLUDE_SOURCE;
				MTL_FAST_MATH = YES;
				ONLY_ACTIVE_ARCH = YES;
				SDKROOT = macosx;
				SWIFT_ACTIVE_COMPILATION_CONDITIONS = "DEBUG $(inherited)";
				SWIFT_OPTIMIZATION_LEVEL = "-Onone";
			};
			name = Debug;
		};
		00FF33722B3CDE4A00AFE95A /* Release */ = {
			isa = XCBuildConfiguration;
			buildSettings = {
				ALWAYS_SEARCH_USER_PATHS = NO;
				ASSETCATALOG_COMPILER_GENERATE_SWIFT_ASSET_SYMBOL_EXTENSIONS = YES;
				CLANG_ANALYZER_NONNULL = YES;
				CLANG_ANALYZER_NUMBER_OBJECT_CONVERSION = YES_AGGRESSIVE;
				CLANG_CXX_LANGUAGE_STANDARD = "gnu++20";
				CLANG_ENABLE_MODULES = YES;
				CLANG_ENABLE_OBJC_ARC = YES;
				CLANG_ENABLE_OBJC_WEAK = YES;
				CLANG_WARN_BLOCK_CAPTURE_AUTORELEASING = YES;
				CLANG_WARN_BOOL_CONVERSION = YES;
				CLANG_WARN_COMMA = YES;
				CLANG_WARN_CONSTANT_CONVERSION = YES;
				CLANG_WARN_DEPRECATED_OBJC_IMPLEMENTATIONS = YES;
				CLANG_WARN_DIRECT_OBJC_ISA_USAGE = YES_ERROR;
				CLANG_WARN_DOCUMENTATION_COMMENTS = YES;
				CLANG_WARN_EMPTY_BODY = YES;
				CLANG_WARN_ENUM_CONVERSION = YES;
				CLANG_WARN_INFINITE_RECURSION = YES;
				CLANG_WARN_INT_CONVERSION = YES;
				CLANG_WARN_NON_LITERAL_NULL_CONVERSION = YES;
				CLANG_WARN_OBJC_IMPLICIT_RETAIN_SELF = YES;
				CLANG_WARN_OBJC_LITERAL_CONVERSION = YES;
				CLANG_WARN_OBJC_ROOT_CLASS = YES_ERROR;
				CLANG_WARN_QUOTED_INCLUDE_IN_FRAMEWORK_HEADER = YES;
				CLANG_WARN_RANGE_LOOP_ANALYSIS = YES;
				CLANG_WARN_STRICT_PROTOTYPES = YES;
				CLANG_WARN_SUSPICIOUS_MOVE = YES;
				CLANG_WARN_UNGUARDED_AVAILABILITY = YES_AGGRESSIVE;
				CLANG_WARN_UNREACHABLE_CODE = YES;
				CLANG_WARN__DUPLICATE_METHOD_MATCH = YES;
				COPY_PHASE_STRIP = NO;
				DEBUG_INFORMATION_FORMAT = "dwarf-with-dsym";
				ENABLE_NS_ASSERTIONS = NO;
				ENABLE_STRICT_OBJC_MSGSEND = YES;
				ENABLE_USER_SCRIPT_SANDBOXING = YES;
				GCC_C_LANGUAGE_STANDARD = gnu17;
				GCC_NO_COMMON_BLOCKS = YES;
				GCC_WARN_64_TO_32_BIT_CONVERSION = YES;
				GCC_WARN_ABOUT_RETURN_TYPE = YES_ERROR;
				GCC_WARN_UNDECLARED_SELECTOR = YES;
				GCC_WARN_UNINITIALIZED_AUTOS = YES_AGGRESSIVE;
				GCC_WARN_UNUSED_FUNCTION = YES;
				GCC_WARN_UNUSED_VARIABLE = YES;
				LOCALIZATION_PREFERS_STRING_CATALOGS = YES;
				MACOSX_DEPLOYMENT_TARGET = 13.6;
				MTL_ENABLE_DEBUG_INFO = NO;
				MTL_FAST_MATH = YES;
				SDKROOT = macosx;
				SWIFT_COMPILATION_MODE = wholemodule;
			};
			name = Release;
		};
		00FF33742B3CDE4A00AFE95A /* Debug */ = {
			isa = XCBuildConfiguration;
			buildSettings = {
				ASSETCATALOG_COMPILER_APPICON_NAME = AppIcon;
				ASSETCATALOG_COMPILER_GLOBAL_ACCENT_COLOR_NAME = AccentColor;
				CODE_SIGN_ENTITLEMENTS = DrypotGPX/DrypotGPX.entitlements;
				CODE_SIGN_STYLE = Automatic;
				COMBINE_HIDPI_IMAGES = YES;
				CURRENT_PROJECT_VERSION = 1;
				DEVELOPMENT_ASSET_PATHS = "\"DrypotGPX/Preview Content\"";
				DEVELOPMENT_TEAM = XFTC3W2MNQ;
				ENABLE_HARDENED_RUNTIME = YES;
				ENABLE_PREVIEWS = YES;
				GENERATE_INFOPLIST_FILE = YES;
				INFOPLIST_FILE = DrypotGPX/Info.plist;
				INFOPLIST_KEY_NSHumanReadableCopyright = "";
				LD_RUNPATH_SEARCH_PATHS = (
					"$(inherited)",
					"@executable_path/../Frameworks",
				);
				MARKETING_VERSION = 1.0;
				PRODUCT_BUNDLE_IDENTIFIER = com.drypot.DrypotGPX;
				PRODUCT_NAME = "$(TARGET_NAME)";
				SWIFT_EMIT_LOC_STRINGS = YES;
				SWIFT_VERSION = 5.0;
			};
			name = Debug;
		};
		00FF33752B3CDE4A00AFE95A /* Release */ = {
			isa = XCBuildConfiguration;
			buildSettings = {
				ASSETCATALOG_COMPILER_APPICON_NAME = AppIcon;
				ASSETCATALOG_COMPILER_GLOBAL_ACCENT_COLOR_NAME = AccentColor;
				CODE_SIGN_ENTITLEMENTS = DrypotGPX/DrypotGPX.entitlements;
				CODE_SIGN_STYLE = Automatic;
				COMBINE_HIDPI_IMAGES = YES;
				CURRENT_PROJECT_VERSION = 1;
				DEVELOPMENT_ASSET_PATHS = "\"DrypotGPX/Preview Content\"";
				DEVELOPMENT_TEAM = XFTC3W2MNQ;
				ENABLE_HARDENED_RUNTIME = YES;
				ENABLE_PREVIEWS = YES;
				GENERATE_INFOPLIST_FILE = YES;
				INFOPLIST_FILE = DrypotGPX/Info.plist;
				INFOPLIST_KEY_NSHumanReadableCopyright = "";
				LD_RUNPATH_SEARCH_PATHS = (
					"$(inherited)",
					"@executable_path/../Frameworks",
				);
				MARKETING_VERSION = 1.0;
				PRODUCT_BUNDLE_IDENTIFIER = com.drypot.DrypotGPX;
				PRODUCT_NAME = "$(TARGET_NAME)";
				SWIFT_EMIT_LOC_STRINGS = YES;
				SWIFT_VERSION = 5.0;
			};
			name = Release;
		};
		00FF33772B3CDE4A00AFE95A /* Debug */ = {
			isa = XCBuildConfiguration;
			buildSettings = {
				ALWAYS_EMBED_SWIFT_STANDARD_LIBRARIES = YES;
				BUNDLE_LOADER = "$(TEST_HOST)";
				CODE_SIGN_STYLE = Automatic;
				CURRENT_PROJECT_VERSION = 1;
				DEVELOPMENT_TEAM = XFTC3W2MNQ;
				GENERATE_INFOPLIST_FILE = YES;
				MACOSX_DEPLOYMENT_TARGET = 13.6;
				MARKETING_VERSION = 1.0;
				PRODUCT_BUNDLE_IDENTIFIER = com.drypot.DrypotGPXTests;
				PRODUCT_NAME = "$(TARGET_NAME)";
				SWIFT_EMIT_LOC_STRINGS = NO;
				SWIFT_VERSION = 5.0;
				TEST_HOST = "$(BUILT_PRODUCTS_DIR)/DrypotGPX.app/$(BUNDLE_EXECUTABLE_FOLDER_PATH)/DrypotGPX";
			};
			name = Debug;
		};
		00FF33782B3CDE4A00AFE95A /* Release */ = {
			isa = XCBuildConfiguration;
			buildSettings = {
				ALWAYS_EMBED_SWIFT_STANDARD_LIBRARIES = YES;
				BUNDLE_LOADER = "$(TEST_HOST)";
				CODE_SIGN_STYLE = Automatic;
				CURRENT_PROJECT_VERSION = 1;
				DEVELOPMENT_TEAM = XFTC3W2MNQ;
				GENERATE_INFOPLIST_FILE = YES;
				MACOSX_DEPLOYMENT_TARGET = 13.6;
				MARKETING_VERSION = 1.0;
				PRODUCT_BUNDLE_IDENTIFIER = com.drypot.DrypotGPXTests;
				PRODUCT_NAME = "$(TARGET_NAME)";
				SWIFT_EMIT_LOC_STRINGS = NO;
				SWIFT_VERSION = 5.0;
				TEST_HOST = "$(BUILT_PRODUCTS_DIR)/DrypotGPX.app/$(BUNDLE_EXECUTABLE_FOLDER_PATH)/DrypotGPX";
			};
			name = Release;
		};
		00FF337A2B3CDE4A00AFE95A /* Debug */ = {
			isa = XCBuildConfiguration;
			buildSettings = {
				ALWAYS_EMBED_SWIFT_STANDARD_LIBRARIES = YES;
				CODE_SIGN_STYLE = Automatic;
				CURRENT_PROJECT_VERSION = 1;
				DEVELOPMENT_TEAM = XFTC3W2MNQ;
				GENERATE_INFOPLIST_FILE = YES;
				MARKETING_VERSION = 1.0;
				PRODUCT_BUNDLE_IDENTIFIER = com.drypot.DrypotGPXUITests;
				PRODUCT_NAME = "$(TARGET_NAME)";
				SWIFT_EMIT_LOC_STRINGS = NO;
				SWIFT_VERSION = 5.0;
				TEST_TARGET_NAME = DrypotGPX;
			};
			name = Debug;
		};
		00FF337B2B3CDE4A00AFE95A /* Release */ = {
			isa = XCBuildConfiguration;
			buildSettings = {
				ALWAYS_EMBED_SWIFT_STANDARD_LIBRARIES = YES;
				CODE_SIGN_STYLE = Automatic;
				CURRENT_PROJECT_VERSION = 1;
				DEVELOPMENT_TEAM = XFTC3W2MNQ;
				GENERATE_INFOPLIST_FILE = YES;
				MARKETING_VERSION = 1.0;
				PRODUCT_BUNDLE_IDENTIFIER = com.drypot.DrypotGPXUITests;
				PRODUCT_NAME = "$(TARGET_NAME)";
				SWIFT_EMIT_LOC_STRINGS = NO;
				SWIFT_VERSION = 5.0;
				TEST_TARGET_NAME = DrypotGPX;
			};
			name = Release;
		};
/* End XCBuildConfiguration section */

/* Begin XCConfigurationList section */
		00FF33462B3CDE4800AFE95A /* Build configuration list for PBXProject "DrypotGPX" */ = {
			isa = XCConfigurationList;
			buildConfigurations = (
				00FF33712B3CDE4A00AFE95A /* Debug */,
				00FF33722B3CDE4A00AFE95A /* Release */,
			);
			defaultConfigurationIsVisible = 0;
			defaultConfigurationName = Release;
		};
		00FF33732B3CDE4A00AFE95A /* Build configuration list for PBXNativeTarget "DrypotGPX" */ = {
			isa = XCConfigurationList;
			buildConfigurations = (
				00FF33742B3CDE4A00AFE95A /* Debug */,
				00FF33752B3CDE4A00AFE95A /* Release */,
			);
			defaultConfigurationIsVisible = 0;
			defaultConfigurationName = Release;
		};
		00FF33762B3CDE4A00AFE95A /* Build configuration list for PBXNativeTarget "DrypotGPXTests" */ = {
			isa = XCConfigurationList;
			buildConfigurations = (
				00FF33772B3CDE4A00AFE95A /* Debug */,
				00FF33782B3CDE4A00AFE95A /* Release */,
			);
			defaultConfigurationIsVisible = 0;
			defaultConfigurationName = Release;
		};
		00FF33792B3CDE4A00AFE95A /* Build configuration list for PBXNativeTarget "DrypotGPXUITests" */ = {
			isa = XCConfigurationList;
			buildConfigurations = (
				00FF337A2B3CDE4A00AFE95A /* Debug */,
				00FF337B2B3CDE4A00AFE95A /* Release */,
			);
			defaultConfigurationIsVisible = 0;
			defaultConfigurationName = Release;
		};
/* End XCConfigurationList section */
	};
	rootObject = 00FF33432B3CDE4800AFE95A /* Project object */;
}
